// !$*UTF8*$!
{
	archiveVersion = 1;
	classes = {
	};
	objectVersion = 55;
	objects = {

/* Begin PBXBuildFile section */
		FFB29E2428CE2FCF0037B1A7 /* AppDelegate.swift in Sources */ = {isa = PBXBuildFile; fileRef = FFB29E2328CE2FCF0037B1A7 /* AppDelegate.swift */; };
		FFB29E2628CE2FCF0037B1A7 /* SceneDelegate.swift in Sources */ = {isa = PBXBuildFile; fileRef = FFB29E2528CE2FCF0037B1A7 /* SceneDelegate.swift */; };
		FFB29E2828CE2FCF0037B1A7 /* ViewController.swift in Sources */ = {isa = PBXBuildFile; fileRef = FFB29E2728CE2FCF0037B1A7 /* ViewController.swift */; };
		FFB29E2B28CE2FCF0037B1A7 /* Main.storyboard in Resources */ = {isa = PBXBuildFile; fileRef = FFB29E2928CE2FCF0037B1A7 /* Main.storyboard */; };
		FFB29E2E28CE2FCF0037B1A7 /* Jokes.xcdatamodeld in Sources */ = {isa = PBXBuildFile; fileRef = FFB29E2C28CE2FCF0037B1A7 /* Jokes.xcdatamodeld */; };
		FFB29E3028CE2FD00037B1A7 /* Assets.xcassets in Resources */ = {isa = PBXBuildFile; fileRef = FFB29E2F28CE2FD00037B1A7 /* Assets.xcassets */; };
		FFB29E3328CE2FD00037B1A7 /* LaunchScreen.storyboard in Resources */ = {isa = PBXBuildFile; fileRef = FFB29E3128CE2FD00037B1A7 /* LaunchScreen.storyboard */; };
		FFB29E4928CE30290037B1A7 /* JokesListViewModel.swift in Sources */ = {isa = PBXBuildFile; fileRef = FFB29E3C28CE30290037B1A7 /* JokesListViewModel.swift */; };
		FFB29E4A28CE30290037B1A7 /* JokesListViewController.swift in Sources */ = {isa = PBXBuildFile; fileRef = FFB29E3D28CE30290037B1A7 /* JokesListViewController.swift */; };
		FFB29E4B28CE30290037B1A7 /* JokeAPIService.swift in Sources */ = {isa = PBXBuildFile; fileRef = FFB29E3F28CE30290037B1A7 /* JokeAPIService.swift */; };
		FFB29E4C28CE30290037B1A7 /* JokeDTO.swift in Sources */ = {isa = PBXBuildFile; fileRef = FFB29E4028CE30290037B1A7 /* JokeDTO.swift */; };
		FFB29E4D28CE30290037B1A7 /* JokeTableViewCell.xib in Resources */ = {isa = PBXBuildFile; fileRef = FFB29E4328CE30290037B1A7 /* JokeTableViewCell.xib */; };
		FFB29E4E28CE30290037B1A7 /* JokeTableCellViewModel.swift in Sources */ = {isa = PBXBuildFile; fileRef = FFB29E4428CE30290037B1A7 /* JokeTableCellViewModel.swift */; };
		FFB29E4F28CE30290037B1A7 /* JokeTableViewCell.swift in Sources */ = {isa = PBXBuildFile; fileRef = FFB29E4528CE30290037B1A7 /* JokeTableViewCell.swift */; };
		FFB29E5028CE30290037B1A7 /* APIService.swift in Sources */ = {isa = PBXBuildFile; fileRef = FFB29E4728CE30290037B1A7 /* APIService.swift */; };
		FFB29E5128CE30290037B1A7 /* APIPath.swift in Sources */ = {isa = PBXBuildFile; fileRef = FFB29E4828CE30290037B1A7 /* APIPath.swift */; };
/* End PBXBuildFile section */

/* Begin PBXFileReference section */
		FFB29E2028CE2FCE0037B1A7 /* Jokes.app */ = {isa = PBXFileReference; explicitFileType = wrapper.application; includeInIndex = 0; path = Jokes.app; sourceTree = BUILT_PRODUCTS_DIR; };
		FFB29E2328CE2FCF0037B1A7 /* AppDelegate.swift */ = {isa = PBXFileReference; lastKnownFileType = sourcecode.swift; path = AppDelegate.swift; sourceTree = "<group>"; };
		FFB29E2528CE2FCF0037B1A7 /* SceneDelegate.swift */ = {isa = PBXFileReference; lastKnownFileType = sourcecode.swift; path = SceneDelegate.swift; sourceTree = "<group>"; };
		FFB29E2728CE2FCF0037B1A7 /* ViewController.swift */ = {isa = PBXFileReference; lastKnownFileType = sourcecode.swift; path = ViewController.swift; sourceTree = "<group>"; };
		FFB29E2A28CE2FCF0037B1A7 /* Base */ = {isa = PBXFileReference; lastKnownFileType = file.storyboard; name = Base; path = Base.lproj/Main.storyboard; sourceTree = "<group>"; };
		FFB29E2D28CE2FCF0037B1A7 /* Jokes.xcdatamodel */ = {isa = PBXFileReference; lastKnownFileType = wrapper.xcdatamodel; path = Jokes.xcdatamodel; sourceTree = "<group>"; };
		FFB29E2F28CE2FD00037B1A7 /* Assets.xcassets */ = {isa = PBXFileReference; lastKnownFileType = folder.assetcatalog; path = Assets.xcassets; sourceTree = "<group>"; };
		FFB29E3228CE2FD00037B1A7 /* Base */ = {isa = PBXFileReference; lastKnownFileType = file.storyboard; name = Base; path = Base.lproj/LaunchScreen.storyboard; sourceTree = "<group>"; };
		FFB29E3428CE2FD00037B1A7 /* Info.plist */ = {isa = PBXFileReference; lastKnownFileType = text.plist.xml; path = Info.plist; sourceTree = "<group>"; };
		FFB29E3C28CE30290037B1A7 /* JokesListViewModel.swift */ = {isa = PBXFileReference; fileEncoding = 4; lastKnownFileType = sourcecode.swift; path = JokesListViewModel.swift; sourceTree = "<group>"; };
		FFB29E3D28CE30290037B1A7 /* JokesListViewController.swift */ = {isa = PBXFileReference; fileEncoding = 4; lastKnownFileType = sourcecode.swift; path = JokesListViewController.swift; sourceTree = "<group>"; };
		FFB29E3F28CE30290037B1A7 /* JokeAPIService.swift */ = {isa = PBXFileReference; fileEncoding = 4; lastKnownFileType = sourcecode.swift; path = JokeAPIService.swift; sourceTree = "<group>"; };
		FFB29E4028CE30290037B1A7 /* JokeDTO.swift */ = {isa = PBXFileReference; fileEncoding = 4; lastKnownFileType = sourcecode.swift; path = JokeDTO.swift; sourceTree = "<group>"; };
		FFB29E4328CE30290037B1A7 /* JokeTableViewCell.xib */ = {isa = PBXFileReference; fileEncoding = 4; lastKnownFileType = file.xib; path = JokeTableViewCell.xib; sourceTree = "<group>"; };
		FFB29E4428CE30290037B1A7 /* JokeTableCellViewModel.swift */ = {isa = PBXFileReference; fileEncoding = 4; lastKnownFileType = sourcecode.swift; path = JokeTableCellViewModel.swift; sourceTree = "<group>"; };
		FFB29E4528CE30290037B1A7 /* JokeTableViewCell.swift */ = {isa = PBXFileReference; fileEncoding = 4; lastKnownFileType = sourcecode.swift; path = JokeTableViewCell.swift; sourceTree = "<group>"; };
		FFB29E4728CE30290037B1A7 /* APIService.swift */ = {isa = PBXFileReference; fileEncoding = 4; lastKnownFileType = sourcecode.swift; path = APIService.swift; sourceTree = "<group>"; };
		FFB29E4828CE30290037B1A7 /* APIPath.swift */ = {isa = PBXFileReference; fileEncoding = 4; lastKnownFileType = sourcecode.swift; path = APIPath.swift; sourceTree = "<group>"; };
/* End PBXFileReference section */

/* Begin PBXFrameworksBuildPhase section */
		FFB29E1D28CE2FCE0037B1A7 /* Frameworks */ = {
			isa = PBXFrameworksBuildPhase;
			buildActionMask = 2147483647;
			files = (
			);
			runOnlyForDeploymentPostprocessing = 0;
		};
/* End PBXFrameworksBuildPhase section */

/* Begin PBXGroup section */
		FFB29E1728CE2FCE0037B1A7 = {
			isa = PBXGroup;
			children = (
				FFB29E2228CE2FCE0037B1A7 /* Jokes */,
				FFB29E2128CE2FCE0037B1A7 /* Products */,
			);
			sourceTree = "<group>";
		};
		FFB29E2128CE2FCE0037B1A7 /* Products */ = {
			isa = PBXGroup;
			children = (
				FFB29E2028CE2FCE0037B1A7 /* Jokes.app */,
			);
			name = Products;
			sourceTree = "<group>";
		};
		FFB29E2228CE2FCE0037B1A7 /* Jokes */ = {
			isa = PBXGroup;
			children = (
				FFB29E2328CE2FCF0037B1A7 /* AppDelegate.swift */,
				FFB29E4628CE30290037B1A7 /* Common */,
				FFB29E3B28CE30290037B1A7 /* Jokes */,
				FFB29E2528CE2FCF0037B1A7 /* SceneDelegate.swift */,
				FFB29E2728CE2FCF0037B1A7 /* ViewController.swift */,
				FFB29E2928CE2FCF0037B1A7 /* Main.storyboard */,
				FFB29E2F28CE2FD00037B1A7 /* Assets.xcassets */,
				FFB29E3128CE2FD00037B1A7 /* LaunchScreen.storyboard */,
				FFB29E3428CE2FD00037B1A7 /* Info.plist */,
				FFB29E2C28CE2FCF0037B1A7 /* Jokes.xcdatamodeld */,
			);
			path = Jokes;
			sourceTree = "<group>";
		};
		FFB29E3B28CE30290037B1A7 /* Jokes */ = {
			isa = PBXGroup;
			children = (
				FFB29E3E28CE30290037B1A7 /* API */,
				FFB29E4128CE30290037B1A7 /* Views */,
				FFB29E3C28CE30290037B1A7 /* JokesListViewModel.swift */,
				FFB29E3D28CE30290037B1A7 /* JokesListViewController.swift */,
			);
			path = Jokes;
			sourceTree = "<group>";
		};
		FFB29E3E28CE30290037B1A7 /* API */ = {
			isa = PBXGroup;
			children = (
				FFB29E3F28CE30290037B1A7 /* JokeAPIService.swift */,
				FFB29E4028CE30290037B1A7 /* JokeDTO.swift */,
			);
			path = API;
			sourceTree = "<group>";
		};
		FFB29E4128CE30290037B1A7 /* Views */ = {
			isa = PBXGroup;
			children = (
				FFB29E4228CE30290037B1A7 /* MovieTableViewCell */,
			);
			path = Views;
			sourceTree = "<group>";
		};
		FFB29E4228CE30290037B1A7 /* MovieTableViewCell */ = {
			isa = PBXGroup;
			children = (
				FFB29E4328CE30290037B1A7 /* JokeTableViewCell.xib */,
				FFB29E4428CE30290037B1A7 /* JokeTableCellViewModel.swift */,
				FFB29E4528CE30290037B1A7 /* JokeTableViewCell.swift */,
			);
			path = MovieTableViewCell;
			sourceTree = "<group>";
		};
		FFB29E4628CE30290037B1A7 /* Common */ = {
			isa = PBXGroup;
			children = (
				FFB29E4728CE30290037B1A7 /* APIService.swift */,
				FFB29E4828CE30290037B1A7 /* APIPath.swift */,
			);
			path = Common;
			sourceTree = "<group>";
		};
/* End PBXGroup section */

/* Begin PBXNativeTarget section */
		FFB29E1F28CE2FCE0037B1A7 /* Jokes */ = {
			isa = PBXNativeTarget;
			buildConfigurationList = FFB29E3728CE2FD00037B1A7 /* Build configuration list for PBXNativeTarget "Jokes" */;
			buildPhases = (
				FFB29E1C28CE2FCE0037B1A7 /* Sources */,
				FFB29E1D28CE2FCE0037B1A7 /* Frameworks */,
				FFB29E1E28CE2FCE0037B1A7 /* Resources */,
			);
			buildRules = (
			);
			dependencies = (
			);
			name = Jokes;
			productName = Jokes;
			productReference = FFB29E2028CE2FCE0037B1A7 /* Jokes.app */;
			productType = "com.apple.product-type.application";
		};
/* End PBXNativeTarget section */

/* Begin PBXProject section */
		FFB29E1828CE2FCE0037B1A7 /* Project object */ = {
			isa = PBXProject;
			attributes = {
				BuildIndependentTargetsInParallel = 1;
				LastSwiftUpdateCheck = 1320;
				LastUpgradeCheck = 1320;
				TargetAttributes = {
					FFB29E1F28CE2FCE0037B1A7 = {
						CreatedOnToolsVersion = 13.2.1;
					};
				};
			};
			buildConfigurationList = FFB29E1B28CE2FCE0037B1A7 /* Build configuration list for PBXProject "Jokes" */;
			compatibilityVersion = "Xcode 13.0";
			developmentRegion = en;
			hasScannedForEncodings = 0;
			knownRegions = (
				en,
				Base,
			);
			mainGroup = FFB29E1728CE2FCE0037B1A7;
			productRefGroup = FFB29E2128CE2FCE0037B1A7 /* Products */;
			projectDirPath = "";
			projectRoot = "";
			targets = (
				FFB29E1F28CE2FCE0037B1A7 /* Jokes */,
			);
		};
/* End PBXProject section */

/* Begin PBXResourcesBuildPhase section */
		FFB29E1E28CE2FCE0037B1A7 /* Resources */ = {
			isa = PBXResourcesBuildPhase;
			buildActionMask = 2147483647;
			files = (
				FFB29E3328CE2FD00037B1A7 /* LaunchScreen.storyboard in Resources */,
				FFB29E3028CE2FD00037B1A7 /* Assets.xcassets in Resources */,
				FFB29E4D28CE30290037B1A7 /* JokeTableViewCell.xib in Resources */,
				FFB29E2B28CE2FCF0037B1A7 /* Main.storyboard in Resources */,
			);
			runOnlyForDeploymentPostprocessing = 0;
		};
/* End PBXResourcesBuildPhase section */

/* Begin PBXSourcesBuildPhase section */
		FFB29E1C28CE2FCE0037B1A7 /* Sources */ = {
			isa = PBXSourcesBuildPhase;
			buildActionMask = 2147483647;
			files = (
				FFB29E4F28CE30290037B1A7 /* JokeTableViewCell.swift in Sources */,
				FFB29E4B28CE30290037B1A7 /* JokeAPIService.swift in Sources */,
				FFB29E2828CE2FCF0037B1A7 /* ViewController.swift in Sources */,
				FFB29E2428CE2FCF0037B1A7 /* AppDelegate.swift in Sources */,
				FFB29E5028CE30290037B1A7 /* APIService.swift in Sources */,
				FFB29E2E28CE2FCF0037B1A7 /* Jokes.xcdatamodeld in Sources */,
				FFB29E2628CE2FCF0037B1A7 /* SceneDelegate.swift in Sources */,
				FFB29E5128CE30290037B1A7 /* APIPath.swift in Sources */,
				FFB29E4E28CE30290037B1A7 /* JokeTableCellViewModel.swift in Sources */,
				FFB29E4928CE30290037B1A7 /* JokesListViewModel.swift in Sources */,
				FFB29E4A28CE30290037B1A7 /* JokesListViewController.swift in Sources */,
				FFB29E4C28CE30290037B1A7 /* JokeDTO.swift in Sources */,
			);
			runOnlyForDeploymentPostprocessing = 0;
		};
/* End PBXSourcesBuildPhase section */

/* Begin PBXVariantGroup section */
		FFB29E2928CE2FCF0037B1A7 /* Main.storyboard */ = {
			isa = PBXVariantGroup;
			children = (
				FFB29E2A28CE2FCF0037B1A7 /* Base */,
			);
			name = Main.storyboard;
			sourceTree = "<group>";
		};
		FFB29E3128CE2FD00037B1A7 /* LaunchScreen.storyboard */ = {
			isa = PBXVariantGroup;
			children = (
				FFB29E3228CE2FD00037B1A7 /* Base */,
			);
			name = LaunchScreen.storyboard;
			sourceTree = "<group>";
		};
/* End PBXVariantGroup section */

/* Begin XCBuildConfiguration section */
		FFB29E3528CE2FD00037B1A7 /* Debug */ = {
			isa = XCBuildConfiguration;
			buildSettings = {
				ALWAYS_SEARCH_USER_PATHS = NO;
				CLANG_ANALYZER_NONNULL = YES;
				CLANG_ANALYZER_NUMBER_OBJECT_CONVERSION = YES_AGGRESSIVE;
				CLANG_CXX_LANGUAGE_STANDARD = "gnu++17";
				CLANG_CXX_LIBRARY = "libc++";
				CLANG_ENABLE_MODULES = YES;
				CLANG_ENABLE_OBJC_ARC = YES;
				CLANG_ENABLE_OBJC_WEAK = YES;
				CLANG_WARN_BLOCK_CAPTURE_AUTORELEASING = YES;
				CLANG_WARN_BOOL_CONVERSION = YES;
				CLANG_WARN_COMMA = YES;
				CLANG_WARN_CONSTANT_CONVERSION = YES;
				CLANG_WARN_DEPRECATED_OBJC_IMPLEMENTATIONS = YES;
				CLANG_WARN_DIRECT_OBJC_ISA_USAGE = YES_ERROR;
				CLANG_WARN_DOCUMENTATION_COMMENTS = YES;
				CLANG_WARN_EMPTY_BODY = YES;
				CLANG_WARN_ENUM_CONVERSION = YES;
				CLANG_WARN_INFINITE_RECURSION = YES;
				CLANG_WARN_INT_CONVERSION = YES;
				CLANG_WARN_NON_LITERAL_NULL_CONVERSION = YES;
				CLANG_WARN_OBJC_IMPLICIT_RETAIN_SELF = YES;
				CLANG_WARN_OBJC_LITERAL_CONVERSION = YES;
				CLANG_WARN_OBJC_ROOT_CLASS = YES_ERROR;
				CLANG_WARN_QUOTED_INCLUDE_IN_FRAMEWORK_HEADER = YES;
				CLANG_WARN_RANGE_LOOP_ANALYSIS = YES;
				CLANG_WARN_STRICT_PROTOTYPES = YES;
				CLANG_WARN_SUSPICIOUS_MOVE = YES;
				CLANG_WARN_UNGUARDED_AVAILABILITY = YES_AGGRESSIVE;
				CLANG_WARN_UNREACHABLE_CODE = YES;
				CLANG_WARN__DUPLICATE_METHOD_MATCH = YES;
				COPY_PHASE_STRIP = NO;
				DEBUG_INFORMATION_FORMAT = dwarf;
				ENABLE_STRICT_OBJC_MSGSEND = YES;
				ENABLE_TESTABILITY = YES;
				GCC_C_LANGUAGE_STANDARD = gnu11;
				GCC_DYNAMIC_NO_PIC = NO;
				GCC_NO_COMMON_BLOCKS = YES;
				GCC_OPTIMIZATION_LEVEL = 0;
				GCC_PREPROCESSOR_DEFINITIONS = (
					"DEBUG=1",
					"$(inherited)",
				);
				GCC_WARN_64_TO_32_BIT_CONVERSION = YES;
				GCC_WARN_ABOUT_RETURN_TYPE = YES_ERROR;
				GCC_WARN_UNDECLARED_SELECTOR = YES;
				GCC_WARN_UNINITIALIZED_AUTOS = YES_AGGRESSIVE;
				GCC_WARN_UNUSED_FUNCTION = YES;
				GCC_WARN_UNUSED_VARIABLE = YES;
				IPHONEOS_DEPLOYMENT_TARGET = 15.2;
				MTL_ENABLE_DEBUG_INFO = INCLUDE_SOURCE;
				MTL_FAST_MATH = YES;
				ONLY_ACTIVE_ARCH = YES;
				SDKROOT = iphoneos;
				SWIFT_ACTIVE_COMPILATION_CONDITIONS = DEBUG;
				SWIFT_OPTIMIZATION_LEVEL = "-Onone";
			};
			name = Debug;
		};
		FFB29E3628CE2FD00037B1A7 /* Release */ = {
			isa = XCBuildConfiguration;
			buildSettings = {
				ALWAYS_SEARCH_USER_PATHS = NO;
				CLANG_ANALYZER_NONNULL = YES;
				CLANG_ANALYZER_NUMBER_OBJECT_CONVERSION = YES_AGGRESSIVE;
				CLANG_CXX_LANGUAGE_STANDARD = "gnu++17";
				CLANG_CXX_LIBRARY = "libc++";
				CLANG_ENABLE_MODULES = YES;
				CLANG_ENABLE_OBJC_ARC = YES;
				CLANG_ENABLE_OBJC_WEAK = YES;
				CLANG_WARN_BLOCK_CAPTURE_AUTORELEASING = YES;
				CLANG_WARN_BOOL_CONVERSION = YES;
				CLANG_WARN_COMMA = YES;
				CLANG_WARN_CONSTANT_CONVERSION = YES;
				CLANG_WARN_DEPRECATED_OBJC_IMPLEMENTATIONS = YES;
				CLANG_WARN_DIRECT_OBJC_ISA_USAGE = YES_ERROR;
				CLANG_WARN_DOCUMENTATION_COMMENTS = YES;
				CLANG_WARN_EMPTY_BODY = YES;
				CLANG_WARN_ENUM_CONVERSION = YES;
				CLANG_WARN_INFINITE_RECURSION = YES;
				CLANG_WARN_INT_CONVERSION = YES;
				CLANG_WARN_NON_LITERAL_NULL_CONVERSION = YES;
				CLANG_WARN_OBJC_IMPLICIT_RETAIN_SELF = YES;
				CLANG_WARN_OBJC_LITERAL_CONVERSION = YES;
				CLANG_WARN_OBJC_ROOT_CLASS = YES_ERROR;
				CLANG_WARN_QUOTED_INCLUDE_IN_FRAMEWORK_HEADER = YES;
				CLANG_WARN_RANGE_LOOP_ANALYSIS = YES;
				CLANG_WARN_STRICT_PROTOTYPES = YES;
				CLANG_WARN_SUSPICIOUS_MOVE = YES;
				CLANG_WARN_UNGUARDED_AVAILABILITY = YES_AGGRESSIVE;
				CLANG_WARN_UNREACHABLE_CODE = YES;
				CLANG_WARN__DUPLICATE_METHOD_MATCH = YES;
				COPY_PHASE_STRIP = NO;
				DEBUG_INFORMATION_FORMAT = "dwarf-with-dsym";
				ENABLE_NS_ASSERTIONS = NO;
				ENABLE_STRICT_OBJC_MSGSEND = YES;
				GCC_C_LANGUAGE_STANDARD = gnu11;
				GCC_NO_COMMON_BLOCKS = YES;
				GCC_WARN_64_TO_32_BIT_CONVERSION = YES;
				GCC_WARN_ABOUT_RETURN_TYPE = YES_ERROR;
				GCC_WARN_UNDECLARED_SELECTOR = YES;
				GCC_WARN_UNINITIALIZED_AUTOS = YES_AGGRESSIVE;
				GCC_WARN_UNUSED_FUNCTION = YES;
				GCC_WARN_UNUSED_VARIABLE = YES;
				IPHONEOS_DEPLOYMENT_TARGET = 15.2;
				MTL_ENABLE_DEBUG_INFO = NO;
				MTL_FAST_MATH = YES;
				SDKROOT = iphoneos;
				SWIFT_COMPILATION_MODE = wholemodule;
				SWIFT_OPTIMIZATION_LEVEL = "-O";
				VALIDATE_PRODUCT = YES;
			};
			name = Release;
		};
		FFB29E3828CE2FD00037B1A7 /* Debug */ = {
			isa = XCBuildConfiguration;
			buildSettings = {
				ASSETCATALOG_COMPILER_APPICON_NAME = AppIcon;
				ASSETCATALOG_COMPILER_GLOBAL_ACCENT_COLOR_NAME = AccentColor;
				CODE_SIGN_STYLE = Automatic;
				CURRENT_PROJECT_VERSION = 1;
				DEVELOPMENT_TEAM = W7Q5L6M8BH;
				GENERATE_INFOPLIST_FILE = YES;
				INFOPLIST_FILE = Jokes/Info.plist;
				INFOPLIST_KEY_UIApplicationSupportsIndirectInputEvents = YES;
				INFOPLIST_KEY_UILaunchStoryboardName = LaunchScreen;
				INFOPLIST_KEY_UIMainStoryboardFile = Main;
				INFOPLIST_KEY_UISupportedInterfaceOrientations_iPad = "UIInterfaceOrientationPortrait UIInterfaceOrientationPortraitUpsideDown UIInterfaceOrientationLandscapeLeft UIInterfaceOrientationLandscapeRight";
				INFOPLIST_KEY_UISupportedInterfaceOrientations_iPhone = "UIInterfaceOrientationPortrait UIInterfaceOrientationLandscapeLeft UIInterfaceOrientationLandscapeRight";
				LD_RUNPATH_SEARCH_PATHS = (
					"$(inherited)",
					"@executable_path/Frameworks",
				);
				MARKETING_VERSION = 1.0;
				PRODUCT_BUNDLE_IDENTIFIER = com.hitesh.Jokes;
				PRODUCT_NAME = "$(TARGET_NAME)";
				SWIFT_EMIT_LOC_STRINGS = YES;
				SWIFT_VERSION = 5.0;
				TARGETED_DEVICE_FAMILY = "1,2";
			};
			name = Debug;
		};
		FFB29E3928CE2FD00037B1A7 /* Release */ = {
			isa = XCBuildConfiguration;
			buildSettings = {
				ASSETCATALOG_COMPILER_APPICON_NAME = AppIcon;
				ASSETCATALOG_COMPILER_GLOBAL_ACCENT_COLOR_NAME = AccentColor;
				CODE_SIGN_STYLE = Automatic;
				CURRENT_PROJECT_VERSION = 1;
				DEVELOPMENT_TEAM = W7Q5L6M8BH;
				GENERATE_INFOPLIST_FILE = YES;
				INFOPLIST_FILE = Jokes/Info.plist;
				INFOPLIST_KEY_UIApplicationSupportsIndirectInputEvents = YES;
				INFOPLIST_KEY_UILaunchStoryboardName = LaunchScreen;
				INFOPLIST_KEY_UIMainStoryboardFile = Main;
				INFOPLIST_KEY_UISupportedInterfaceOrientations_iPad = "UIInterfaceOrientationPortrait UIInterfaceOrientationPortraitUpsideDown UIInterfaceOrientationLandscapeLeft UIInterfaceOrientationLandscapeRight";
				INFOPLIST_KEY_UISupportedInterfaceOrientations_iPhone = "UIInterfaceOrientationPortrait UIInterfaceOrientationLandscapeLeft UIInterfaceOrientationLandscapeRight";
				LD_RUNPATH_SEARCH_PATHS = (
					"$(inherited)",
					"@executable_path/Frameworks",
				);
				MARKETING_VERSION = 1.0;
				PRODUCT_BUNDLE_IDENTIFIER = com.hitesh.Jokes;
				PRODUCT_NAME = "$(TARGET_NAME)";
				SWIFT_EMIT_LOC_STRINGS = YES;
				SWIFT_VERSION = 5.0;
				TARGETED_DEVICE_FAMILY = "1,2";
			};
			name = Release;
		};
/* End XCBuildConfiguration section */

/* Begin XCConfigurationList section */
		FFB29E1B28CE2FCE0037B1A7 /* Build configuration list for PBXProject "Jokes" */ = {
			isa = XCConfigurationList;
			buildConfigurations = (
				FFB29E3528CE2FD00037B1A7 /* Debug */,
				FFB29E3628CE2FD00037B1A7 /* Release */,
			);
			defaultConfigurationIsVisible = 0;
			defaultConfigurationName = Release;
		};
		FFB29E3728CE2FD00037B1A7 /* Build configuration list for PBXNativeTarget "Jokes" */ = {
			isa = XCConfigurationList;
			buildConfigurations = (
				FFB29E3828CE2FD00037B1A7 /* Debug */,
				FFB29E3928CE2FD00037B1A7 /* Release */,
			);
			defaultConfigurationIsVisible = 0;
			defaultConfigurationName = Release;
		};
/* End XCConfigurationList section */

/* Begin XCVersionGroup section */
		FFB29E2C28CE2FCF0037B1A7 /* Jokes.xcdatamodeld */ = {
			isa = XCVersionGroup;
			children = (
				FFB29E2D28CE2FCF0037B1A7 /* Jokes.xcdatamodel */,
			);
			currentVersion = FFB29E2D28CE2FCF0037B1A7 /* Jokes.xcdatamodel */;
			path = Jokes.xcdatamodeld;
			sourceTree = "<group>";
			versionGroupType = wrapper.xcdatamodel;
		};
/* End XCVersionGroup section */
	};
	rootObject = FFB29E1828CE2FCE0037B1A7 /* Project object */;
}
